
Microsoft Visual Studio Solution File, Format Version 12.00
# Visual Studio Version 17
VisualStudioVersion = 17.6.33829.357
MinimumVisualStudioVersion = 10.0.40219.1
Project("{FAE04EC0-301F-11D3-BF4B-00C04F79EFBC}") = "ConstructoresVehiculos", "ConstructoresVehiculos.csproj", "{F5534FF9-8A31-496E-A66F-F5CA7231FFC3}"
EndProject
Global
	GlobalSection(SolutionConfigurationPlatforms) = preSolution
		Debug|Any CPU = Debug|Any CPU
		Release|Any CPU = Release|Any CPU
	EndGlobalSection
	GlobalSection(ProjectConfigurationPlatforms) = postSolution
		{F5534FF9-8A31-496E-A66F-F5CA7231FFC3}.Debug|Any CPU.ActiveCfg = Debug|Any CPU
		{F5534FF9-8A31-496E-A66F-F5CA7231FFC3}.Debug|Any CPU.Build.0 = Debug|Any CPU
		{F5534FF9-8A31-496E-A66F-F5CA7231FFC3}.Release|Any CPU.ActiveCfg = Release|Any CPU
		{F5534FF9-8A31-496E-A66F-F5CA7231FFC3}.Release|Any CPU.Build.0 = Release|Any CPU
	EndGlobalSection
	GlobalSection(SolutionProperties) = preSolution
		HideSolutionNode = FALSE
	EndGlobalSection
	GlobalSection(ExtensibilityGlobals) = postSolution
		SolutionGuid = {BF8C44AB-9629-4AB2-9A3F-56D3BA16098E}
	EndGlobalSection
EndGlobal
